
Microsoft Visual Studio Solution File, Format Version 12.00
# Visual Studio Version 17
VisualStudioVersion = 17.14.36221.1 d17.14
MinimumVisualStudioVersion = 10.0.40219.1
Project("{FAE04EC0-301F-11D3-BF4B-00C04F79EFBC}") = "Assignment", "Assignment\Assignment.csproj", "{5CB73CD3-5539-45F5-B89D-B4C14F772FA9}"
EndProject
Project("{FAE04EC0-301F-11D3-BF4B-00C04F79EFBC}") = "Demo", "Demo\Demo.csproj", "{BB9A5BCC-5500-43E1-9806-D1DB2ABE13FB}"
EndProject
Global
	GlobalSection(SolutionConfigurationPlatforms) = preSolution
		Debug|Any CPU = Debug|Any CPU
		Release|Any CPU = Release|Any CPU
	EndGlobalSection
	GlobalSection(ProjectConfigurationPlatforms) = postSolution
		{5CB73CD3-5539-45F5-B89D-B4C14F772FA9}.Debug|Any CPU.ActiveCfg = Debug|Any CPU
		{5CB73CD3-5539-45F5-B89D-B4C14F772FA9}.Debug|Any CPU.Build.0 = Debug|Any CPU
		{5CB73CD3-5539-45F5-B89D-B4C14F772FA9}.Release|Any CPU.ActiveCfg = Release|Any CPU
		{5CB73CD3-5539-45F5-B89D-B4C14F772FA9}.Release|Any CPU.Build.0 = Release|Any CPU
		{BB9A5BCC-5500-43E1-9806-D1DB2ABE13FB}.Debug|Any CPU.ActiveCfg = Debug|Any CPU
		{BB9A5BCC-5500-43E1-9806-D1DB2ABE13FB}.Debug|Any CPU.Build.0 = Debug|Any CPU
		{BB9A5BCC-5500-43E1-9806-D1DB2ABE13FB}.Release|Any CPU.ActiveCfg = Release|Any CPU
		{BB9A5BCC-5500-43E1-9806-D1DB2ABE13FB}.Release|Any CPU.Build.0 = Release|Any CPU
	EndGlobalSection
	GlobalSection(SolutionProperties) = preSolution
		HideSolutionNode = FALSE
	EndGlobalSection
	GlobalSection(ExtensibilityGlobals) = postSolution
		SolutionGuid = {7725A7F6-E95D-4A4B-AE25-164F313AAAC6}
	EndGlobalSection
EndGlobal
